// !$*UTF8*$!
{
	archiveVersion = 1;
	classes = {
	};
	objectVersion = 46;
	objects = {

/* Begin PBXBuildFile section */
		A75EBABB1F5D7B1700FCF020 /* AppDelegate.swift in Sources */ = {isa = PBXBuildFile; fileRef = A75EBABA1F5D7B1700FCF020 /* AppDelegate.swift */; };
		A75EBABD1F5D7B1700FCF020 /* ViewController.swift in Sources */ = {isa = PBXBuildFile; fileRef = A75EBABC1F5D7B1700FCF020 /* ViewController.swift */; };
		A75EBAC01F5D7B1700FCF020 /* Main.storyboard in Resources */ = {isa = PBXBuildFile; fileRef = A75EBABE1F5D7B1700FCF020 /* Main.storyboard */; };
		A75EBAC21F5D7B1700FCF020 /* Assets.xcassets in Resources */ = {isa = PBXBuildFile; fileRef = A75EBAC11F5D7B1700FCF020 /* Assets.xcassets */; };
		A75EBAC51F5D7B1700FCF020 /* LaunchScreen.storyboard in Resources */ = {isa = PBXBuildFile; fileRef = A75EBAC31F5D7B1700FCF020 /* LaunchScreen.storyboard */; };
		A75EBAD01F5D7B1700FCF020 /* PageWithScrollTests.swift in Sources */ = {isa = PBXBuildFile; fileRef = A75EBACF1F5D7B1700FCF020 /* PageWithScrollTests.swift */; };
		A75EBADB1F5D7B1700FCF020 /* PageWithScrollUITests.swift in Sources */ = {isa = PBXBuildFile; fileRef = A75EBADA1F5D7B1700FCF020 /* PageWithScrollUITests.swift */; };
/* End PBXBuildFile section */

/* Begin PBXContainerItemProxy section */
		A75EBACC1F5D7B1700FCF020 /* PBXContainerItemProxy */ = {
			isa = PBXContainerItemProxy;
			containerPortal = A75EBAAF1F5D7B1700FCF020 /* Project object */;
			proxyType = 1;
			remoteGlobalIDString = A75EBAB61F5D7B1700FCF020;
			remoteInfo = PageWithScroll;
		};
		A75EBAD71F5D7B1700FCF020 /* PBXContainerItemProxy */ = {
			isa = PBXContainerItemProxy;
			containerPortal = A75EBAAF1F5D7B1700FCF020 /* Project object */;
			proxyType = 1;
			remoteGlobalIDString = A75EBAB61F5D7B1700FCF020;
			remoteInfo = PageWithScroll;
		};
/* End PBXContainerItemProxy section */

/* Begin PBXFileReference section */
		A75EBAB71F5D7B1700FCF020 /* PageWithScroll.app */ = {isa = PBXFileReference; explicitFileType = wrapper.application; includeInIndex = 0; path = PageWithScroll.app; sourceTree = BUILT_PRODUCTS_DIR; };
		A75EBABA1F5D7B1700FCF020 /* AppDelegate.swift */ = {isa = PBXFileReference; lastKnownFileType = sourcecode.swift; path = AppDelegate.swift; sourceTree = "<group>"; };
		A75EBABC1F5D7B1700FCF020 /* ViewController.swift */ = {isa = PBXFileReference; lastKnownFileType = sourcecode.swift; path = ViewController.swift; sourceTree = "<group>"; };
		A75EBABF1F5D7B1700FCF020 /* Base */ = {isa = PBXFileReference; lastKnownFileType = file.storyboard; name = Base; path = Base.lproj/Main.storyboard; sourceTree = "<group>"; };
		A75EBAC11F5D7B1700FCF020 /* Assets.xcassets */ = {isa = PBXFileReference; lastKnownFileType = folder.assetcatalog; path = Assets.xcassets; sourceTree = "<group>"; };
		A75EBAC41F5D7B1700FCF020 /* Base */ = {isa = PBXFileReference; lastKnownFileType = file.storyboard; name = Base; path = Base.lproj/LaunchScreen.storyboard; sourceTree = "<group>"; };
		A75EBAC61F5D7B1700FCF020 /* Info.plist */ = {isa = PBXFileReference; lastKnownFileType = text.plist.xml; path = Info.plist; sourceTree = "<group>"; };
		A75EBACB1F5D7B1700FCF020 /* PageWithScrollTests.xctest */ = {isa = PBXFileReference; explicitFileType = wrapper.cfbundle; includeInIndex = 0; path = PageWithScrollTests.xctest; sourceTree = BUILT_PRODUCTS_DIR; };
		A75EBACF1F5D7B1700FCF020 /* PageWithScrollTests.swift */ = {isa = PBXFileReference; lastKnownFileType = sourcecode.swift; path = PageWithScrollTests.swift; sourceTree = "<group>"; };
		A75EBAD11F5D7B1700FCF020 /* Info.plist */ = {isa = PBXFileReference; lastKnownFileType = text.plist.xml; path = Info.plist; sourceTree = "<group>"; };
		A75EBAD61F5D7B1700FCF020 /* PageWithScrollUITests.xctest */ = {isa = PBXFileReference; explicitFileType = wrapper.cfbundle; includeInIndex = 0; path = PageWithScrollUITests.xctest; sourceTree = BUILT_PRODUCTS_DIR; };
		A75EBADA1F5D7B1700FCF020 /* PageWithScrollUITests.swift */ = {isa = PBXFileReference; lastKnownFileType = sourcecode.swift; path = PageWithScrollUITests.swift; sourceTree = "<group>"; };
		A75EBADC1F5D7B1700FCF020 /* Info.plist */ = {isa = PBXFileReference; lastKnownFileType = text.plist.xml; path = Info.plist; sourceTree = "<group>"; };
/* End PBXFileReference section */

/* Begin PBXFrameworksBuildPhase section */
		A75EBAB41F5D7B1700FCF020 /* Frameworks */ = {
			isa = PBXFrameworksBuildPhase;
			buildActionMask = 2147483647;
			files = (
			);
			runOnlyForDeploymentPostprocessing = 0;
		};
		A75EBAC81F5D7B1700FCF020 /* Frameworks */ = {
			isa = PBXFrameworksBuildPhase;
			buildActionMask = 2147483647;
			files = (
			);
			runOnlyForDeploymentPostprocessing = 0;
		};
		A75EBAD31F5D7B1700FCF020 /* Frameworks */ = {
			isa = PBXFrameworksBuildPhase;
			buildActionMask = 2147483647;
			files = (
			);
			runOnlyForDeploymentPostprocessing = 0;
		};
/* End PBXFrameworksBuildPhase section */

/* Begin PBXGroup section */
		A75EBAAE1F5D7B1700FCF020 = {
			isa = PBXGroup;
			children = (
				A75EBAB91F5D7B1700FCF020 /* PageWithScroll */,
				A75EBACE1F5D7B1700FCF020 /* PageWithScrollTests */,
				A75EBAD91F5D7B1700FCF020 /* PageWithScrollUITests */,
				A75EBAB81F5D7B1700FCF020 /* Products */,
			);
			sourceTree = "<group>";
		};
		A75EBAB81F5D7B1700FCF020 /* Products */ = {
			isa = PBXGroup;
			children = (
				A75EBAB71F5D7B1700FCF020 /* PageWithScroll.app */,
				A75EBACB1F5D7B1700FCF020 /* PageWithScrollTests.xctest */,
				A75EBAD61F5D7B1700FCF020 /* PageWithScrollUITests.xctest */,
			);
			name = Products;
			sourceTree = "<group>";
		};
		A75EBAB91F5D7B1700FCF020 /* PageWithScroll */ = {
			isa = PBXGroup;
			children = (
				A75EBABA1F5D7B1700FCF020 /* AppDelegate.swift */,
				A75EBABC1F5D7B1700FCF020 /* ViewController.swift */,
				A75EBABE1F5D7B1700FCF020 /* Main.storyboard */,
				A75EBAC11F5D7B1700FCF020 /* Assets.xcassets */,
				A75EBAC31F5D7B1700FCF020 /* LaunchScreen.storyboard */,
				A75EBAC61F5D7B1700FCF020 /* Info.plist */,
			);
			path = PageWithScroll;
			sourceTree = "<group>";
		};
		A75EBACE1F5D7B1700FCF020 /* PageWithScrollTests */ = {
			isa = PBXGroup;
			children = (
				A75EBACF1F5D7B1700FCF020 /* PageWithScrollTests.swift */,
				A75EBAD11F5D7B1700FCF020 /* Info.plist */,
			);
			path = PageWithScrollTests;
			sourceTree = "<group>";
		};
		A75EBAD91F5D7B1700FCF020 /* PageWithScrollUITests */ = {
			isa = PBXGroup;
			children = (
				A75EBADA1F5D7B1700FCF020 /* PageWithScrollUITests.swift */,
				A75EBADC1F5D7B1700FCF020 /* Info.plist */,
			);
			path = PageWithScrollUITests;
			sourceTree = "<group>";
		};
/* End PBXGroup section */

/* Begin PBXNativeTarget section */
		A75EBAB61F5D7B1700FCF020 /* PageWithScroll */ = {
			isa = PBXNativeTarget;
			buildConfigurationList = A75EBADF1F5D7B1700FCF020 /* Build configuration list for PBXNativeTarget "PageWithScroll" */;
			buildPhases = (
				A75EBAB31F5D7B1700FCF020 /* Sources */,
				A75EBAB41F5D7B1700FCF020 /* Frameworks */,
				A75EBAB51F5D7B1700FCF020 /* Resources */,
			);
			buildRules = (
			);
			dependencies = (
			);
			name = PageWithScroll;
			productName = PageWithScroll;
			productReference = A75EBAB71F5D7B1700FCF020 /* PageWithScroll.app */;
			productType = "com.apple.product-type.application";
		};
		A75EBACA1F5D7B1700FCF020 /* PageWithScrollTests */ = {
			isa = PBXNativeTarget;
			buildConfigurationList = A75EBAE21F5D7B1700FCF020 /* Build configuration list for PBXNativeTarget "PageWithScrollTests" */;
			buildPhases = (
				A75EBAC71F5D7B1700FCF020 /* Sources */,
				A75EBAC81F5D7B1700FCF020 /* Frameworks */,
				A75EBAC91F5D7B1700FCF020 /* Resources */,
			);
			buildRules = (
			);
			dependencies = (
				A75EBACD1F5D7B1700FCF020 /* PBXTargetDependency */,
			);
			name = PageWithScrollTests;
			productName = PageWithScrollTests;
			productReference = A75EBACB1F5D7B1700FCF020 /* PageWithScrollTests.xctest */;
			productType = "com.apple.product-type.bundle.unit-test";
		};
		A75EBAD51F5D7B1700FCF020 /* PageWithScrollUITests */ = {
			isa = PBXNativeTarget;
			buildConfigurationList = A75EBAE51F5D7B1700FCF020 /* Build configuration list for PBXNativeTarget "PageWithScrollUITests" */;
			buildPhases = (
				A75EBAD21F5D7B1700FCF020 /* Sources */,
				A75EBAD31F5D7B1700FCF020 /* Frameworks */,
				A75EBAD41F5D7B1700FCF020 /* Resources */,
			);
			buildRules = (
			);
			dependencies = (
				A75EBAD81F5D7B1700FCF020 /* PBXTargetDependency */,
			);
			name = PageWithScrollUITests;
			productName = PageWithScrollUITests;
			productReference = A75EBAD61F5D7B1700FCF020 /* PageWithScrollUITests.xctest */;
			productType = "com.apple.product-type.bundle.ui-testing";
		};
/* End PBXNativeTarget section */

/* Begin PBXProject section */
		A75EBAAF1F5D7B1700FCF020 /* Project object */ = {
			isa = PBXProject;
			attributes = {
				LastSwiftUpdateCheck = 0830;
				LastUpgradeCheck = 0830;
				ORGANIZATIONNAME = gotech;
				TargetAttributes = {
					A75EBAB61F5D7B1700FCF020 = {
						CreatedOnToolsVersion = 8.3.3;
						ProvisioningStyle = Automatic;
					};
					A75EBACA1F5D7B1700FCF020 = {
						CreatedOnToolsVersion = 8.3.3;
						ProvisioningStyle = Automatic;
						TestTargetID = A75EBAB61F5D7B1700FCF020;
					};
					A75EBAD51F5D7B1700FCF020 = {
						CreatedOnToolsVersion = 8.3.3;
						ProvisioningStyle = Automatic;
						TestTargetID = A75EBAB61F5D7B1700FCF020;
					};
				};
			};
			buildConfigurationList = A75EBAB21F5D7B1700FCF020 /* Build configuration list for PBXProject "PageWithScroll" */;
			compatibilityVersion = "Xcode 3.2";
			developmentRegion = English;
			hasScannedForEncodings = 0;
			knownRegions = (
				en,
				Base,
			);
			mainGroup = A75EBAAE1F5D7B1700FCF020;
			productRefGroup = A75EBAB81F5D7B1700FCF020 /* Products */;
			projectDirPath = "";
			projectRoot = "";
			targets = (
				A75EBAB61F5D7B1700FCF020 /* PageWithScroll */,
				A75EBACA1F5D7B1700FCF020 /* PageWithScrollTests */,
				A75EBAD51F5D7B1700FCF020 /* PageWithScrollUITests */,
			);
		};
/* End PBXProject section */

/* Begin PBXResourcesBuildPhase section */
		A75EBAB51F5D7B1700FCF020 /* Resources */ = {
			isa = PBXResourcesBuildPhase;
			buildActionMask = 2147483647;
			files = (
				A75EBAC51F5D7B1700FCF020 /* LaunchScreen.storyboard in Resources */,
				A75EBAC21F5D7B1700FCF020 /* Assets.xcassets in Resources */,
				A75EBAC01F5D7B1700FCF020 /* Main.storyboard in Resources */,
			);
			runOnlyForDeploymentPostprocessing = 0;
		};
		A75EBAC91F5D7B1700FCF020 /* Resources */ = {
			isa = PBXResourcesBuildPhase;
			buildActionMask = 2147483647;
			files = (
			);
			runOnlyForDeploymentPostprocessing = 0;
		};
		A75EBAD41F5D7B1700FCF020 /* Resources */ = {
			isa = PBXResourcesBuildPhase;
			buildActionMask = 2147483647;
			files = (
			);
			runOnlyForDeploymentPostprocessing = 0;
		};
/* End PBXResourcesBuildPhase section */

/* Begin PBXSourcesBuildPhase section */
		A75EBAB31F5D7B1700FCF020 /* Sources */ = {
			isa = PBXSourcesBuildPhase;
			buildActionMask = 2147483647;
			files = (
				A75EBABD1F5D7B1700FCF020 /* ViewController.swift in Sources */,
				A75EBABB1F5D7B1700FCF020 /* AppDelegate.swift in Sources */,
			);
			runOnlyForDeploymentPostprocessing = 0;
		};
		A75EBAC71F5D7B1700FCF020 /* Sources */ = {
			isa = PBXSourcesBuildPhase;
			buildActionMask = 2147483647;
			files = (
				A75EBAD01F5D7B1700FCF020 /* PageWithScrollTests.swift in Sources */,
			);
			runOnlyForDeploymentPostprocessing = 0;
		};
		A75EBAD21F5D7B1700FCF020 /* Sources */ = {
			isa = PBXSourcesBuildPhase;
			buildActionMask = 2147483647;
			files = (
				A75EBADB1F5D7B1700FCF020 /* PageWithScrollUITests.swift in Sources */,
			);
			runOnlyForDeploymentPostprocessing = 0;
		};
/* End PBXSourcesBuildPhase section */

/* Begin PBXTargetDependency section */
		A75EBACD1F5D7B1700FCF020 /* PBXTargetDependency */ = {
			isa = PBXTargetDependency;
			target = A75EBAB61F5D7B1700FCF020 /* PageWithScroll */;
			targetProxy = A75EBACC1F5D7B1700FCF020 /* PBXContainerItemProxy */;
		};
		A75EBAD81F5D7B1700FCF020 /* PBXTargetDependency */ = {
			isa = PBXTargetDependency;
			target = A75EBAB61F5D7B1700FCF020 /* PageWithScroll */;
			targetProxy = A75EBAD71F5D7B1700FCF020 /* PBXContainerItemProxy */;
		};
/* End PBXTargetDependency section */

/* Begin PBXVariantGroup section */
		A75EBABE1F5D7B1700FCF020 /* Main.storyboard */ = {
			isa = PBXVariantGroup;
			children = (
				A75EBABF1F5D7B1700FCF020 /* Base */,
			);
			name = Main.storyboard;
			sourceTree = "<group>";
		};
		A75EBAC31F5D7B1700FCF020 /* LaunchScreen.storyboard */ = {
			isa = PBXVariantGroup;
			children = (
				A75EBAC41F5D7B1700FCF020 /* Base */,
			);
			name = LaunchScreen.storyboard;
			sourceTree = "<group>";
		};
/* End PBXVariantGroup section */

/* Begin XCBuildConfiguration section */
		A75EBADD1F5D7B1700FCF020 /* Debug */ = {
			isa = XCBuildConfiguration;
			buildSettings = {
				ALWAYS_SEARCH_USER_PATHS = NO;
				CLANG_ANALYZER_NONNULL = YES;
				CLANG_ANALYZER_NUMBER_OBJECT_CONVERSION = YES_AGGRESSIVE;
				CLANG_CXX_LANGUAGE_STANDARD = "gnu++0x";
				CLANG_CXX_LIBRARY = "libc++";
				CLANG_ENABLE_MODULES = YES;
				CLANG_ENABLE_OBJC_ARC = YES;
				CLANG_WARN_BOOL_CONVERSION = YES;
				CLANG_WARN_CONSTANT_CONVERSION = YES;
				CLANG_WARN_DIRECT_OBJC_ISA_USAGE = YES_ERROR;
				CLANG_WARN_DOCUMENTATION_COMMENTS = YES;
				CLANG_WARN_EMPTY_BODY = YES;
				CLANG_WARN_ENUM_CONVERSION = YES;
				CLANG_WARN_INFINITE_RECURSION = YES;
				CLANG_WARN_INT_CONVERSION = YES;
				CLANG_WARN_OBJC_ROOT_CLASS = YES_ERROR;
				CLANG_WARN_SUSPICIOUS_MOVE = YES;
				CLANG_WARN_UNREACHABLE_CODE = YES;
				CLANG_WARN__DUPLICATE_METHOD_MATCH = YES;
				"CODE_SIGN_IDENTITY[sdk=iphoneos*]" = "iPhone Developer";
				COPY_PHASE_STRIP = NO;
				DEBUG_INFORMATION_FORMAT = dwarf;
				ENABLE_STRICT_OBJC_MSGSEND = YES;
				ENABLE_TESTABILITY = YES;
				GCC_C_LANGUAGE_STANDARD = gnu99;
				GCC_DYNAMIC_NO_PIC = NO;
				GCC_NO_COMMON_BLOCKS = YES;
				GCC_OPTIMIZATION_LEVEL = 0;
				GCC_PREPROCESSOR_DEFINITIONS = (
					"DEBUG=1",
					"$(inherited)",
				);
				GCC_WARN_64_TO_32_BIT_CONVERSION = YES;
				GCC_WARN_ABOUT_RETURN_TYPE = YES_ERROR;
				GCC_WARN_UNDECLARED_SELECTOR = YES;
				GCC_WARN_UNINITIALIZED_AUTOS = YES_AGGRESSIVE;
				GCC_WARN_UNUSED_FUNCTION = YES;
				GCC_WARN_UNUSED_VARIABLE = YES;
				IPHONEOS_DEPLOYMENT_TARGET = 10.3;
				MTL_ENABLE_DEBUG_INFO = YES;
				ONLY_ACTIVE_ARCH = YES;
				SDKROOT = iphoneos;
				SWIFT_ACTIVE_COMPILATION_CONDITIONS = DEBUG;
				SWIFT_OPTIMIZATION_LEVEL = "-Onone";
				TARGETED_DEVICE_FAMILY = "1,2";
			};
			name = Debug;
		};
		A75EBADE1F5D7B1700FCF020 /* Release */ = {
			isa = XCBuildConfiguration;
			buildSettings = {
				ALWAYS_SEARCH_USER_PATHS = NO;
				CLANG_ANALYZER_NONNULL = YES;
				CLANG_ANALYZER_NUMBER_OBJECT_CONVERSION = YES_AGGRESSIVE;
				CLANG_CXX_LANGUAGE_STANDARD = "gnu++0x";
				CLANG_CXX_LIBRARY = "libc++";
				CLANG_ENABLE_MODULES = YES;
				CLANG_ENABLE_OBJC_ARC = YES;
				CLANG_WARN_BOOL_CONVERSION = YES;
				CLANG_WARN_CONSTANT_CONVERSION = YES;
				CLANG_WARN_DIRECT_OBJC_ISA_USAGE = YES_ERROR;
				CLANG_WARN_DOCUMENTATION_COMMENTS = YES;
				CLANG_WARN_EMPTY_BODY = YES;
				CLANG_WARN_ENUM_CONVERSION = YES;
				CLANG_WARN_INFINITE_RECURSION = YES;
				CLANG_WARN_INT_CONVERSION = YES;
				CLANG_WARN_OBJC_ROOT_CLASS = YES_ERROR;
				CLANG_WARN_SUSPICIOUS_MOVE = YES;
				CLANG_WARN_UNREACHABLE_CODE = YES;
				CLANG_WARN__DUPLICATE_METHOD_MATCH = YES;
				"CODE_SIGN_IDENTITY[sdk=iphoneos*]" = "iPhone Developer";
				COPY_PHASE_STRIP = NO;
				DEBUG_INFORMATION_FORMAT = "dwarf-with-dsym";
				ENABLE_NS_ASSERTIONS = NO;
				ENABLE_STRICT_OBJC_MSGSEND = YES;
				GCC_C_LANGUAGE_STANDARD = gnu99;
				GCC_NO_COMMON_BLOCKS = YES;
				GCC_WARN_64_TO_32_BIT_CONVERSION = YES;
				GCC_WARN_ABOUT_RETURN_TYPE = YES_ERROR;
				GCC_WARN_UNDECLARED_SELECTOR = YES;
				GCC_WARN_UNINITIALIZED_AUTOS = YES_AGGRESSIVE;
				GCC_WARN_UNUSED_FUNCTION = YES;
				GCC_WARN_UNUSED_VARIABLE = YES;
				IPHONEOS_DEPLOYMENT_TARGET = 10.3;
				MTL_ENABLE_DEBUG_INFO = NO;
				SDKROOT = iphoneos;
				SWIFT_OPTIMIZATION_LEVEL = "-Owholemodule";
				TARGETED_DEVICE_FAMILY = "1,2";
				VALIDATE_PRODUCT = YES;
			};
			name = Release;
		};
		A75EBAE01F5D7B1700FCF020 /* Debug */ = {
			isa = XCBuildConfiguration;
			buildSettings = {
				ASSETCATALOG_COMPILER_APPICON_NAME = AppIcon;
				INFOPLIST_FILE = PageWithScroll/Info.plist;
				LD_RUNPATH_SEARCH_PATHS = "$(inherited) @executable_path/Frameworks";
				PRODUCT_BUNDLE_IDENTIFIER = net.gotech.ios.PageWithScroll;
				PRODUCT_NAME = "$(TARGET_NAME)";
				SWIFT_VERSION = 3.0;
			};
			name = Debug;
		};
		A75EBAE11F5D7B1700FCF020 /* Release */ = {
			isa = XCBuildConfiguration;
			buildSettings = {
				ASSETCATALOG_COMPILER_APPICON_NAME = AppIcon;
				INFOPLIST_FILE = PageWithScroll/Info.plist;
				LD_RUNPATH_SEARCH_PATHS = "$(inherited) @executable_path/Frameworks";
				PRODUCT_BUNDLE_IDENTIFIER = net.gotech.ios.PageWithScroll;
				PRODUCT_NAME = "$(TARGET_NAME)";
				SWIFT_VERSION = 3.0;
			};
			name = Release;
		};
		A75EBAE31F5D7B1700FCF020 /* Debug */ = {
			isa = XCBuildConfiguration;
			buildSettings = {
				ALWAYS_EMBED_SWIFT_STANDARD_LIBRARIES = YES;
				BUNDLE_LOADER = "$(TEST_HOST)";
				INFOPLIST_FILE = PageWithScrollTests/Info.plist;
				LD_RUNPATH_SEARCH_PATHS = "$(inherited) @executable_path/Frameworks @loader_path/Frameworks";
				PRODUCT_BUNDLE_IDENTIFIER = net.gotech.ios.PageWithScrollTests;
				PRODUCT_NAME = "$(TARGET_NAME)";
				SWIFT_VERSION = 3.0;
				TEST_HOST = "$(BUILT_PRODUCTS_DIR)/PageWithScroll.app/PageWithScroll";
			};
			name = Debug;
		};
		A75EBAE41F5D7B1700FCF020 /* Release */ = {
			isa = XCBuildConfiguration;
			buildSettings = {
				ALWAYS_EMBED_SWIFT_STANDARD_LIBRARIES = YES;
				BUNDLE_LOADER = "$(TEST_HOST)";
				INFOPLIST_FILE = PageWithScrollTests/Info.plist;
				LD_RUNPATH_SEARCH_PATHS = "$(inherited) @executable_path/Frameworks @loader_path/Frameworks";
				PRODUCT_BUNDLE_IDENTIFIER = net.gotech.ios.PageWithScrollTests;
				PRODUCT_NAME = "$(TARGET_NAME)";
				SWIFT_VERSION = 3.0;
				TEST_HOST = "$(BUILT_PRODUCTS_DIR)/PageWithScroll.app/PageWithScroll";
			};
			name = Release;
		};
		A75EBAE61F5D7B1700FCF020 /* Debug */ = {
			isa = XCBuildConfiguration;
			buildSettings = {
				ALWAYS_EMBED_SWIFT_STANDARD_LIBRARIES = YES;
				INFOPLIST_FILE = PageWithScrollUITests/Info.plist;
				LD_RUNPATH_SEARCH_PATHS = "$(inherited) @executable_path/Frameworks @loader_path/Frameworks";
				PRODUCT_BUNDLE_IDENTIFIER = net.gotech.ios.PageWithScrollUITests;
				PRODUCT_NAME = "$(TARGET_NAME)";
				SWIFT_VERSION = 3.0;
				TEST_TARGET_NAME = PageWithScroll;
			};
			name = Debug;
		};
		A75EBAE71F5D7B1700FCF020 /* Release */ = {
			isa = XCBuildConfiguration;
			buildSettings = {
				ALWAYS_EMBED_SWIFT_STANDARD_LIBRARIES = YES;
				INFOPLIST_FILE = PageWithScrollUITests/Info.plist;
				LD_RUNPATH_SEARCH_PATHS = "$(inherited) @executable_path/Frameworks @loader_path/Frameworks";
				PRODUCT_BUNDLE_IDENTIFIER = net.gotech.ios.PageWithScrollUITests;
				PRODUCT_NAME = "$(TARGET_NAME)";
				SWIFT_VERSION = 3.0;
				TEST_TARGET_NAME = PageWithScroll;
			};
			name = Release;
		};
/* End XCBuildConfiguration section */

/* Begin XCConfigurationList section */
		A75EBAB21F5D7B1700FCF020 /* Build configuration list for PBXProject "PageWithScroll" */ = {
			isa = XCConfigurationList;
			buildConfigurations = (
				A75EBADD1F5D7B1700FCF020 /* Debug */,
				A75EBADE1F5D7B1700FCF020 /* Release */,
			);
			defaultConfigurationIsVisible = 0;
			defaultConfigurationName = Release;
		};
		A75EBADF1F5D7B1700FCF020 /* Build configuration list for PBXNativeTarget "PageWithScroll" */ = {
			isa = XCConfigurationList;
			buildConfigurations = (
				A75EBAE01F5D7B1700FCF020 /* Debug */,
				A75EBAE11F5D7B1700FCF020 /* Release */,
			);
			defaultConfigurationIsVisible = 0;
		};
		A75EBAE21F5D7B1700FCF020 /* Build configuration list for PBXNativeTarget "PageWithScrollTests" */ = {
			isa = XCConfigurationList;
			buildConfigurations = (
				A75EBAE31F5D7B1700FCF020 /* Debug */,
				A75EBAE41F5D7B1700FCF020 /* Release */,
			);
			defaultConfigurationIsVisible = 0;
		};
		A75EBAE51F5D7B1700FCF020 /* Build configuration list for PBXNativeTarget "PageWithScrollUITests" */ = {
			isa = XCConfigurationList;
			buildConfigurations = (
				A75EBAE61F5D7B1700FCF020 /* Debug */,
				A75EBAE71F5D7B1700FCF020 /* Release */,
			);
			defaultConfigurationIsVisible = 0;
		};
/* End XCConfigurationList section */
	};
	rootObject = A75EBAAF1F5D7B1700FCF020 /* Project object */;
}
